
Microsoft Visual Studio Solution File, Format Version 12.00
# Visual Studio Version 17
VisualStudioVersion = 17.8.34316.72
MinimumVisualStudioVersion = 10.0.40219.1
Project("{FAE04EC0-301F-11D3-BF4B-00C04F79EFBC}") = "Lists-5---Snake", "Lists-5---Snake\Lists-5---Snake.csproj", "{C9E15DF5-CDC4-41D5-9910-749764FBDCAA}"
EndProject
Global
	GlobalSection(SolutionConfigurationPlatforms) = preSolution
		Debug|Any CPU = Debug|Any CPU
		Release|Any CPU = Release|Any CPU
	EndGlobalSection
	GlobalSection(ProjectConfigurationPlatforms) = postSolution
		{C9E15DF5-CDC4-41D5-9910-749764FBDCAA}.Debug|Any CPU.ActiveCfg = Debug|Any CPU
		{C9E15DF5-CDC4-41D5-9910-749764FBDCAA}.Debug|Any CPU.Build.0 = Debug|Any CPU
		{C9E15DF5-CDC4-41D5-9910-749764FBDCAA}.Release|Any CPU.ActiveCfg = Release|Any CPU
		{C9E15DF5-CDC4-41D5-9910-749764FBDCAA}.Release|Any CPU.Build.0 = Release|Any CPU
	EndGlobalSection
	GlobalSection(SolutionProperties) = preSolution
		HideSolutionNode = FALSE
	EndGlobalSection
	GlobalSection(ExtensibilityGlobals) = postSolution
		SolutionGuid = {959D3BE5-1C93-4156-A21E-B61AF4A00294}
	EndGlobalSection
EndGlobal
